{
  "name": "timeside",
  "version": "1.0.0",
  "lockfileVersion": 1,
  "requires": true,
  "dependencies": {
    "bootstrap": {
      "version": "3.3.7",
      "resolved": "https://registry.npmjs.org/bootstrap/-/bootstrap-3.3.7.tgz",
      "integrity": "sha1-WjiTlFSfIzMIdaOxUGVldPip63E=",
      "dev": true
    },
    "bootstrap-select": {
      "version": "1.6.3",
      "resolved": "https://registry.npmjs.org/bootstrap-select/-/bootstrap-select-1.6.3.tgz",
      "integrity": "sha1-qdKsJnO1KXWueq/z7GWMHzx2PAI=",
      "dev": true,
      "requires": {
        "jquery": ">=1.8"
      }
    },
    "eve-raphael": {
      "version": "0.5.0",
      "resolved": "https://registry.npmjs.org/eve-raphael/-/eve-raphael-0.5.0.tgz",
      "integrity": "sha1-F8dUt5K+7z+maE15z1pHxjxM2jA=",
      "dev": true
    },
    "font-awesome": {
      "version": "4.4.0",
      "resolved": "https://registry.npmjs.org/font-awesome/-/font-awesome-4.4.0.tgz",
      "integrity": "sha1-n+Q/gs9ycmuty9snBEB6rayhfak=",
      "dev": true
    },
    "jquery": {
      "version": "2.2.4",
      "resolved": "https://registry.npmjs.org/jquery/-/jquery-2.2.4.tgz",
      "integrity": "sha1-LInWiJterFIqfuoywUUhVZxsvwI=",
      "dev": true
    },
    "jquery-migrate": {
      "version": "1.2.1",
      "resolved": "https://registry.npmjs.org/jquery-migrate/-/jquery-migrate-1.2.1.tgz",
      "integrity": "sha1-4QVq2XD7ItUAni1Nd89wm3jwR2g=",
      "dev": true
    },
    "raphael": {
      "version": "2.2.8",
      "resolved": "https://registry.npmjs.org/raphael/-/raphael-2.2.8.tgz",
      "integrity": "sha512-0kWKcGn4lXTw4eUiOhjspYiG+v0m6zSmTmlO62E0hl2CYKUvCuHER9YKqXYvOn2nj24mYp8jzHOLeBuj/Gn28Q==",
      "dev": true,
      "requires": {
        "eve-raphael": "0.5.0"
      }
    },
    "soundmanager2": {
      "version": "2.97.20150601",
      "resolved": "https://registry.npmjs.org/soundmanager2/-/soundmanager2-2.97.20150601.tgz",
      "integrity": "sha1-Zz7ay5tSu8+ldxLDcLAR9pg8bzY=",
      "dev": true
    },
    "underscore": {
      "version": "1.12.1",
      "resolved": "https://registry.npmjs.org/underscore/-/underscore-1.12.1.tgz",
      "integrity": "sha512-hEQt0+ZLDVUMhebKxL4x1BTtDY7bavVofhZ9KZ4aI26X9SRaE+Y3m83XUL1UP2jn8ynjndwCCpEHdUG+9pP1Tw==",
      "dev": true
    }
  }
}
